# @generated by Move, please check-in and do not edit manually.

[move]
version = 3
manifest_digest = "E954C91155D296A8AF6139A85E3FC462D84F49E5A3FD6BFD33010FBCF69EB4A5"
deps_digest = "3C4103934B1E040BB6B23F1D610B4EF9F2F1166A50A104EADCF77467C004C600"
dependencies = [
  { id = "MoveStdlib", name = "MoveStdlib" },
  { id = "Sui", name = "Sui" },
]

[[move.package]]
id = "MoveStdlib"
source = { git = "https://github.com/MystenLabs/sui.git", rev = "testnet", subdir = "crates\\sui-framework\\packages\\move-stdlib" }

[[move.package]]
id = "Sui"
source = { git = "https://github.com/MystenLabs/sui.git", rev = "testnet", subdir = "crates/sui-framework/packages/sui-framework" }

dependencies = [
  { id = "MoveStdlib", name = "MoveStdlib" },
]

[move.toolchain-version]
compiler-version = "1.61.2"
edition = "2024.beta"
flavor = "sui"

[env]

[env.testnet]
chain-id = "4c78adac"
original-published-id = "0x1c1fc29bb6c8538f1806c72e71a6fb1e6b133cfa434041ef351bba8173dff582"
latest-published-id = "0x1c1fc29bb6c8538f1806c72e71a6fb1e6b133cfa434041ef351bba8173dff582"
published-version = "1"
