# @generated by Move, please check-in and do not edit manually.

[move]
version = 3
manifest_digest = "63317FCA9EC676CB0F3FA85EE250F844431517DE68BB918927F751381F870D8A"
deps_digest = "3C4103934B1E040BB6B23F1D610B4EF9F2F1166A50A104EADCF77467C004C600"
dependencies = [
  { id = "MoveStdlib", name = "MoveStdlib" },
  { id = "Sui", name = "Sui" },
]

[[move.package]]
id = "MoveStdlib"
source = { git = "https://github.com/MystenLabs/sui.git", rev = "testnet", subdir = "crates\\sui-framework\\packages\\move-stdlib" }

[[move.package]]
id = "Sui"
source = { git = "https://github.com/MystenLabs/sui.git", rev = "testnet", subdir = "crates/sui-framework/packages/sui-framework" }

dependencies = [
  { id = "MoveStdlib", name = "MoveStdlib" },
]

[move.toolchain-version]
compiler-version = "1.57.0"
edition = "2024.beta"
flavor = "sui"

[env]

[env.testnet]
chain-id = "4c78adac"
original-published-id = "0xefcbc248490404305070c7de5c7c0a7dc4e4e7bcb1fc796c64a61d7c9b80a7ee"
latest-published-id = "0xefcbc248490404305070c7de5c7c0a7dc4e4e7bcb1fc796c64a61d7c9b80a7ee"
published-version = "1"
